
Microsoft Visual Studio Solution File, Format Version 12.00
# Visual Studio Version 17
VisualStudioVersion = 17.5.33627.172
MinimumVisualStudioVersion = 10.0.40219.1
Project("{FAE04EC0-301F-11D3-BF4B-00C04F79EFBC}") = "XamDataTransfer.UWP", "XamDataTransfer\XamDataTransfer.UWP\XamDataTransfer.UWP.csproj", "{21DBA3A1-76E9-40DE-AE25-780264EB52E5}"
EndProject
Project("{FAE04EC0-301F-11D3-BF4B-00C04F79EFBC}") = "XamDataTransfer.Android", "XamDataTransfer\XamDataTransfer.Android\XamDataTransfer.Android.csproj", "{A4DB7982-3628-4935-9C25-A0DC8AFF8ED9}"
EndProject
Project("{FAE04EC0-301F-11D3-BF4B-00C04F79EFBC}") = "XamDataTransfer.iOS", "XamDataTransfer\XamDataTransfer.iOS\XamDataTransfer.iOS.csproj", "{0E50A0BD-B2AB-4AC4-8F92-709763E804DE}"
EndProject
Project("{9A19103F-16F7-4668-BE54-9A1E7A4F7556}") = "XamDataTransfer", "XamDataTransfer\XamDataTransfer\XamDataTransfer.csproj", "{387578F1-A671-4D89-A8F1-B0C3B5DB6896}"
EndProject
Project("{2150E333-8FDC-42A3-9474-1A3956D46DE8}") = "XamWiFiDirect", "XamWiFiDirect", "{DEA42B4C-FF31-46A9-975F-770DBFE51A82}"
EndProject
Project("{FAE04EC0-301F-11D3-BF4B-00C04F79EFBC}") = "XamWifiDirectConnect.UWP", "XamWifiDirectConnect\XamWifiDirectConnect.UWP\XamWifiDirectConnect.UWP.csproj", "{6BA9BF23-212C-4938-987E-02FA371A3CF6}"
EndProject
Project("{FAE04EC0-301F-11D3-BF4B-00C04F79EFBC}") = "XamWifiDirectConnect", "XamWifiDirectConnect\XamWifiDirectConnect\XamWifiDirectConnect.csproj", "{1FB95E74-7F65-4A13-BA7E-2C6A52900116}"
EndProject
Global
	GlobalSection(SolutionConfigurationPlatforms) = preSolution
		Debug|Any CPU = Debug|Any CPU
		Debug|ARM = Debug|ARM
		Debug|iPhone = Debug|iPhone
		Debug|iPhoneSimulator = Debug|iPhoneSimulator
		Debug|x64 = Debug|x64
		Debug|x86 = Debug|x86
		Release|Any CPU = Release|Any CPU
		Release|ARM = Release|ARM
		Release|iPhone = Release|iPhone
		Release|iPhoneSimulator = Release|iPhoneSimulator
		Release|x64 = Release|x64
		Release|x86 = Release|x86
	EndGlobalSection
	GlobalSection(ProjectConfigurationPlatforms) = postSolution
		{21DBA3A1-76E9-40DE-AE25-780264EB52E5}.Debug|Any CPU.ActiveCfg = Debug|x64
		{21DBA3A1-76E9-40DE-AE25-780264EB52E5}.Debug|Any CPU.Build.0 = Debug|x64
		{21DBA3A1-76E9-40DE-AE25-780264EB52E5}.Debug|Any CPU.Deploy.0 = Debug|x64
		{21DBA3A1-76E9-40DE-AE25-780264EB52E5}.Debug|ARM.ActiveCfg = Debug|ARM
		{21DBA3A1-76E9-40DE-AE25-780264EB52E5}.Debug|ARM.Build.0 = Debug|ARM
		{21DBA3A1-76E9-40DE-AE25-780264EB52E5}.Debug|ARM.Deploy.0 = Debug|ARM
		{21DBA3A1-76E9-40DE-AE25-780264EB52E5}.Debug|iPhone.ActiveCfg = Debug|x64
		{21DBA3A1-76E9-40DE-AE25-780264EB52E5}.Debug|iPhone.Build.0 = Debug|x64
		{21DBA3A1-76E9-40DE-AE25-780264EB52E5}.Debug|iPhone.Deploy.0 = Debug|x64
		{21DBA3A1-76E9-40DE-AE25-780264EB52E5}.Debug|iPhoneSimulator.ActiveCfg = Debug|x64
		{21DBA3A1-76E9-40DE-AE25-780264EB52E5}.Debug|iPhoneSimulator.Build.0 = Debug|x64
		{21DBA3A1-76E9-40DE-AE25-780264EB52E5}.Debug|iPhoneSimulator.Deploy.0 = Debug|x64
		{21DBA3A1-76E9-40DE-AE25-780264EB52E5}.Debug|x64.ActiveCfg = Debug|x64
		{21DBA3A1-76E9-40DE-AE25-780264EB52E5}.Debug|x64.Build.0 = Debug|x64
		{21DBA3A1-76E9-40DE-AE25-780264EB52E5}.Debug|x64.Deploy.0 = Debug|x64
		{21DBA3A1-76E9-40DE-AE25-780264EB52E5}.Debug|x86.ActiveCfg = Debug|x86
		{21DBA3A1-76E9-40DE-AE25-780264EB52E5}.Debug|x86.Build.0 = Debug|x86
		{21DBA3A1-76E9-40DE-AE25-780264EB52E5}.Debug|x86.Deploy.0 = Debug|x86
		{21DBA3A1-76E9-40DE-AE25-780264EB52E5}.Release|Any CPU.ActiveCfg = Release|x64
		{21DBA3A1-76E9-40DE-AE25-780264EB52E5}.Release|Any CPU.Build.0 = Release|x64
		{21DBA3A1-76E9-40DE-AE25-780264EB52E5}.Release|Any CPU.Deploy.0 = Release|x64
		{21DBA3A1-76E9-40DE-AE25-780264EB52E5}.Release|ARM.ActiveCfg = Release|ARM
		{21DBA3A1-76E9-40DE-AE25-780264EB52E5}.Release|ARM.Build.0 = Release|ARM
		{21DBA3A1-76E9-40DE-AE25-780264EB52E5}.Release|ARM.Deploy.0 = Release|ARM
		{21DBA3A1-76E9-40DE-AE25-780264EB52E5}.Release|iPhone.ActiveCfg = Release|x64
		{21DBA3A1-76E9-40DE-AE25-780264EB52E5}.Release|iPhone.Build.0 = Release|x64
		{21DBA3A1-76E9-40DE-AE25-780264EB52E5}.Release|iPhone.Deploy.0 = Release|x64
		{21DBA3A1-76E9-40DE-AE25-780264EB52E5}.Release|iPhoneSimulator.ActiveCfg = Release|x64
		{21DBA3A1-76E9-40DE-AE25-780264EB52E5}.Release|iPhoneSimulator.Build.0 = Release|x64
		{21DBA3A1-76E9-40DE-AE25-780264EB52E5}.Release|iPhoneSimulator.Deploy.0 = Release|x64
		{21DBA3A1-76E9-40DE-AE25-780264EB52E5}.Release|x64.ActiveCfg = Release|x64
		{21DBA3A1-76E9-40DE-AE25-780264EB52E5}.Release|x64.Build.0 = Release|x64
		{21DBA3A1-76E9-40DE-AE25-780264EB52E5}.Release|x64.Deploy.0 = Release|x64
		{21DBA3A1-76E9-40DE-AE25-780264EB52E5}.Release|x86.ActiveCfg = Release|x86
		{21DBA3A1-76E9-40DE-AE25-780264EB52E5}.Release|x86.Build.0 = Release|x86
		{21DBA3A1-76E9-40DE-AE25-780264EB52E5}.Release|x86.Deploy.0 = Release|x86
		{A4DB7982-3628-4935-9C25-A0DC8AFF8ED9}.Debug|Any CPU.ActiveCfg = Debug|Any CPU
		{A4DB7982-3628-4935-9C25-A0DC8AFF8ED9}.Debug|Any CPU.Build.0 = Debug|Any CPU
		{A4DB7982-3628-4935-9C25-A0DC8AFF8ED9}.Debug|Any CPU.Deploy.0 = Debug|Any CPU
		{A4DB7982-3628-4935-9C25-A0DC8AFF8ED9}.Debug|ARM.ActiveCfg = Debug|Any CPU
		{A4DB7982-3628-4935-9C25-A0DC8AFF8ED9}.Debug|ARM.Build.0 = Debug|Any CPU
		{A4DB7982-3628-4935-9C25-A0DC8AFF8ED9}.Debug|ARM.Deploy.0 = Debug|Any CPU
		{A4DB7982-3628-4935-9C25-A0DC8AFF8ED9}.Debug|iPhone.ActiveCfg = Debug|Any CPU
		{A4DB7982-3628-4935-9C25-A0DC8AFF8ED9}.Debug|iPhone.Build.0 = Debug|Any CPU
		{A4DB7982-3628-4935-9C25-A0DC8AFF8ED9}.Debug|iPhone.Deploy.0 = Debug|Any CPU
		{A4DB7982-3628-4935-9C25-A0DC8AFF8ED9}.Debug|iPhoneSimulator.ActiveCfg = Debug|Any CPU
		{A4DB7982-3628-4935-9C25-A0DC8AFF8ED9}.Debug|iPhoneSimulator.Build.0 = Debug|Any CPU
		{A4DB7982-3628-4935-9C25-A0DC8AFF8ED9}.Debug|iPhoneSimulator.Deploy.0 = Debug|Any CPU
		{A4DB7982-3628-4935-9C25-A0DC8AFF8ED9}.Debug|x64.ActiveCfg = Debug|Any CPU
		{A4DB7982-3628-4935-9C25-A0DC8AFF8ED9}.Debug|x64.Build.0 = Debug|Any CPU
		{A4DB7982-3628-4935-9C25-A0DC8AFF8ED9}.Debug|x64.Deploy.0 = Debug|Any CPU
		{A4DB7982-3628-4935-9C25-A0DC8AFF8ED9}.Debug|x86.ActiveCfg = Debug|Any CPU
		{A4DB7982-3628-4935-9C25-A0DC8AFF8ED9}.Debug|x86.Build.0 = Debug|Any CPU
		{A4DB7982-3628-4935-9C25-A0DC8AFF8ED9}.Debug|x86.Deploy.0 = Debug|Any CPU
		{A4DB7982-3628-4935-9C25-A0DC8AFF8ED9}.Release|Any CPU.ActiveCfg = Release|Any CPU
		{A4DB7982-3628-4935-9C25-A0DC8AFF8ED9}.Release|Any CPU.Build.0 = Release|Any CPU
		{A4DB7982-3628-4935-9C25-A0DC8AFF8ED9}.Release|Any CPU.Deploy.0 = Release|Any CPU
		{A4DB7982-3628-4935-9C25-A0DC8AFF8ED9}.Release|ARM.ActiveCfg = Release|Any CPU
		{A4DB7982-3628-4935-9C25-A0DC8AFF8ED9}.Release|ARM.Build.0 = Release|Any CPU
		{A4DB7982-3628-4935-9C25-A0DC8AFF8ED9}.Release|ARM.Deploy.0 = Release|Any CPU
		{A4DB7982-3628-4935-9C25-A0DC8AFF8ED9}.Release|iPhone.ActiveCfg = Release|Any CPU
		{A4DB7982-3628-4935-9C25-A0DC8AFF8ED9}.Release|iPhone.Build.0 = Release|Any CPU
		{A4DB7982-3628-4935-9C25-A0DC8AFF8ED9}.Release|iPhone.Deploy.0 = Release|Any CPU
		{A4DB7982-3628-4935-9C25-A0DC8AFF8ED9}.Release|iPhoneSimulator.ActiveCfg = Release|Any CPU
		{A4DB7982-3628-4935-9C25-A0DC8AFF8ED9}.Release|iPhoneSimulator.Build.0 = Release|Any CPU
		{A4DB7982-3628-4935-9C25-A0DC8AFF8ED9}.Release|iPhoneSimulator.Deploy.0 = Release|Any CPU
		{A4DB7982-3628-4935-9C25-A0DC8AFF8ED9}.Release|x64.ActiveCfg = Release|Any CPU
		{A4DB7982-3628-4935-9C25-A0DC8AFF8ED9}.Release|x64.Build.0 = Release|Any CPU
		{A4DB7982-3628-4935-9C25-A0DC8AFF8ED9}.Release|x64.Deploy.0 = Release|Any CPU
		{A4DB7982-3628-4935-9C25-A0DC8AFF8ED9}.Release|x86.ActiveCfg = Release|Any CPU
		{A4DB7982-3628-4935-9C25-A0DC8AFF8ED9}.Release|x86.Build.0 = Release|Any CPU
		{A4DB7982-3628-4935-9C25-A0DC8AFF8ED9}.Release|x86.Deploy.0 = Release|Any CPU
		{0E50A0BD-B2AB-4AC4-8F92-709763E804DE}.Debug|Any CPU.ActiveCfg = Debug|iPhoneSimulator
		{0E50A0BD-B2AB-4AC4-8F92-709763E804DE}.Debug|Any CPU.Build.0 = Debug|iPhoneSimulator
		{0E50A0BD-B2AB-4AC4-8F92-709763E804DE}.Debug|Any CPU.Deploy.0 = Debug|iPhoneSimulator
		{0E50A0BD-B2AB-4AC4-8F92-709763E804DE}.Debug|ARM.ActiveCfg = Debug|iPhoneSimulator
		{0E50A0BD-B2AB-4AC4-8F92-709763E804DE}.Debug|ARM.Build.0 = Debug|iPhoneSimulator
		{0E50A0BD-B2AB-4AC4-8F92-709763E804DE}.Debug|ARM.Deploy.0 = Debug|iPhoneSimulator
		{0E50A0BD-B2AB-4AC4-8F92-709763E804DE}.Debug|iPhone.ActiveCfg = Debug|iPhone
		{0E50A0BD-B2AB-4AC4-8F92-709763E804DE}.Debug|iPhone.Build.0 = Debug|iPhone
		{0E50A0BD-B2AB-4AC4-8F92-709763E804DE}.Debug|iPhone.Deploy.0 = Debug|iPhone
		{0E50A0BD-B2AB-4AC4-8F92-709763E804DE}.Debug|iPhoneSimulator.ActiveCfg = Debug|iPhoneSimulator
		{0E50A0BD-B2AB-4AC4-8F92-709763E804DE}.Debug|iPhoneSimulator.Build.0 = Debug|iPhoneSimulator
		{0E50A0BD-B2AB-4AC4-8F92-709763E804DE}.Debug|iPhoneSimulator.Deploy.0 = Debug|iPhoneSimulator
		{0E50A0BD-B2AB-4AC4-8F92-709763E804DE}.Debug|x64.ActiveCfg = Debug|iPhone
		{0E50A0BD-B2AB-4AC4-8F92-709763E804DE}.Debug|x64.Build.0 = Debug|iPhone
		{0E50A0BD-B2AB-4AC4-8F92-709763E804DE}.Debug|x64.Deploy.0 = Debug|iPhone
		{0E50A0BD-B2AB-4AC4-8F92-709763E804DE}.Debug|x86.ActiveCfg = Debug|iPhoneSimulator
		{0E50A0BD-B2AB-4AC4-8F92-709763E804DE}.Debug|x86.Build.0 = Debug|iPhoneSimulator
		{0E50A0BD-B2AB-4AC4-8F92-709763E804DE}.Debug|x86.Deploy.0 = Debug|iPhoneSimulator
		{0E50A0BD-B2AB-4AC4-8F92-709763E804DE}.Release|Any CPU.ActiveCfg = Release|iPhoneSimulator
		{0E50A0BD-B2AB-4AC4-8F92-709763E804DE}.Release|Any CPU.Build.0 = Release|iPhoneSimulator
		{0E50A0BD-B2AB-4AC4-8F92-709763E804DE}.Release|Any CPU.Deploy.0 = Release|iPhoneSimulator
		{0E50A0BD-B2AB-4AC4-8F92-709763E804DE}.Release|ARM.ActiveCfg = Release|iPhoneSimulator
		{0E50A0BD-B2AB-4AC4-8F92-709763E804DE}.Release|ARM.Build.0 = Release|iPhoneSimulator
		{0E50A0BD-B2AB-4AC4-8F92-709763E804DE}.Release|ARM.Deploy.0 = Release|iPhoneSimulator
		{0E50A0BD-B2AB-4AC4-8F92-709763E804DE}.Release|iPhone.ActiveCfg = Release|iPhone
		{0E50A0BD-B2AB-4AC4-8F92-709763E804DE}.Release|iPhone.Build.0 = Release|iPhone
		{0E50A0BD-B2AB-4AC4-8F92-709763E804DE}.Release|iPhone.Deploy.0 = Release|iPhone
		{0E50A0BD-B2AB-4AC4-8F92-709763E804DE}.Release|iPhoneSimulator.ActiveCfg = Release|iPhoneSimulator
		{0E50A0BD-B2AB-4AC4-8F92-709763E804DE}.Release|iPhoneSimulator.Build.0 = Release|iPhoneSimulator
		{0E50A0BD-B2AB-4AC4-8F92-709763E804DE}.Release|iPhoneSimulator.Deploy.0 = Release|iPhoneSimulator
		{0E50A0BD-B2AB-4AC4-8F92-709763E804DE}.Release|x64.ActiveCfg = Release|iPhoneSimulator
		{0E50A0BD-B2AB-4AC4-8F92-709763E804DE}.Release|x64.Build.0 = Release|iPhoneSimulator
		{0E50A0BD-B2AB-4AC4-8F92-709763E804DE}.Release|x64.Deploy.0 = Release|iPhoneSimulator
		{0E50A0BD-B2AB-4AC4-8F92-709763E804DE}.Release|x86.ActiveCfg = Release|iPhoneSimulator
		{0E50A0BD-B2AB-4AC4-8F92-709763E804DE}.Release|x86.Build.0 = Release|iPhoneSimulator
		{0E50A0BD-B2AB-4AC4-8F92-709763E804DE}.Release|x86.Deploy.0 = Release|iPhoneSimulator
		{387578F1-A671-4D89-A8F1-B0C3B5DB6896}.Debug|Any CPU.ActiveCfg = Debug|Any CPU
		{387578F1-A671-4D89-A8F1-B0C3B5DB6896}.Debug|Any CPU.Build.0 = Debug|Any CPU
		{387578F1-A671-4D89-A8F1-B0C3B5DB6896}.Debug|Any CPU.Deploy.0 = Debug|Any CPU
		{387578F1-A671-4D89-A8F1-B0C3B5DB6896}.Debug|ARM.ActiveCfg = Debug|Any CPU
		{387578F1-A671-4D89-A8F1-B0C3B5DB6896}.Debug|ARM.Build.0 = Debug|Any CPU
		{387578F1-A671-4D89-A8F1-B0C3B5DB6896}.Debug|ARM.Deploy.0 = Debug|Any CPU
		{387578F1-A671-4D89-A8F1-B0C3B5DB6896}.Debug|iPhone.ActiveCfg = Debug|Any CPU
		{387578F1-A671-4D89-A8F1-B0C3B5DB6896}.Debug|iPhone.Build.0 = Debug|Any CPU
		{387578F1-A671-4D89-A8F1-B0C3B5DB6896}.Debug|iPhone.Deploy.0 = Debug|Any CPU
		{387578F1-A671-4D89-A8F1-B0C3B5DB6896}.Debug|iPhoneSimulator.ActiveCfg = Debug|Any CPU
		{387578F1-A671-4D89-A8F1-B0C3B5DB6896}.Debug|iPhoneSimulator.Build.0 = Debug|Any CPU
		{387578F1-A671-4D89-A8F1-B0C3B5DB6896}.Debug|iPhoneSimulator.Deploy.0 = Debug|Any CPU
		{387578F1-A671-4D89-A8F1-B0C3B5DB6896}.Debug|x64.ActiveCfg = Debug|Any CPU
		{387578F1-A671-4D89-A8F1-B0C3B5DB6896}.Debug|x64.Build.0 = Debug|Any CPU
		{387578F1-A671-4D89-A8F1-B0C3B5DB6896}.Debug|x64.Deploy.0 = Debug|Any CPU
		{387578F1-A671-4D89-A8F1-B0C3B5DB6896}.Debug|x86.ActiveCfg = Debug|Any CPU
		{387578F1-A671-4D89-A8F1-B0C3B5DB6896}.Debug|x86.Build.0 = Debug|Any CPU
		{387578F1-A671-4D89-A8F1-B0C3B5DB6896}.Debug|x86.Deploy.0 = Debug|Any CPU
		{387578F1-A671-4D89-A8F1-B0C3B5DB6896}.Release|Any CPU.ActiveCfg = Release|Any CPU
		{387578F1-A671-4D89-A8F1-B0C3B5DB6896}.Release|Any CPU.Build.0 = Release|Any CPU
		{387578F1-A671-4D89-A8F1-B0C3B5DB6896}.Release|Any CPU.Deploy.0 = Release|Any CPU
		{387578F1-A671-4D89-A8F1-B0C3B5DB6896}.Release|ARM.ActiveCfg = Release|Any CPU
		{387578F1-A671-4D89-A8F1-B0C3B5DB6896}.Release|ARM.Build.0 = Release|Any CPU
		{387578F1-A671-4D89-A8F1-B0C3B5DB6896}.Release|ARM.Deploy.0 = Release|Any CPU
		{387578F1-A671-4D89-A8F1-B0C3B5DB6896}.Release|iPhone.ActiveCfg = Release|Any CPU
		{387578F1-A671-4D89-A8F1-B0C3B5DB6896}.Release|iPhone.Build.0 = Release|Any CPU
		{387578F1-A671-4D89-A8F1-B0C3B5DB6896}.Release|iPhone.Deploy.0 = Release|Any CPU
		{387578F1-A671-4D89-A8F1-B0C3B5DB6896}.Release|iPhoneSimulator.ActiveCfg = Release|Any CPU
		{387578F1-A671-4D89-A8F1-B0C3B5DB6896}.Release|iPhoneSimulator.Build.0 = Release|Any CPU
		{387578F1-A671-4D89-A8F1-B0C3B5DB6896}.Release|iPhoneSimulator.Deploy.0 = Release|Any CPU
		{387578F1-A671-4D89-A8F1-B0C3B5DB6896}.Release|x64.ActiveCfg = Release|Any CPU
		{387578F1-A671-4D89-A8F1-B0C3B5DB6896}.Release|x64.Build.0 = Release|Any CPU
		{387578F1-A671-4D89-A8F1-B0C3B5DB6896}.Release|x64.Deploy.0 = Release|Any CPU
		{387578F1-A671-4D89-A8F1-B0C3B5DB6896}.Release|x86.ActiveCfg = Release|Any CPU
		{387578F1-A671-4D89-A8F1-B0C3B5DB6896}.Release|x86.Build.0 = Release|Any CPU
		{387578F1-A671-4D89-A8F1-B0C3B5DB6896}.Release|x86.Deploy.0 = Release|Any CPU
		{6BA9BF23-212C-4938-987E-02FA371A3CF6}.Debug|Any CPU.ActiveCfg = Debug|x64
		{6BA9BF23-212C-4938-987E-02FA371A3CF6}.Debug|Any CPU.Build.0 = Debug|x64
		{6BA9BF23-212C-4938-987E-02FA371A3CF6}.Debug|Any CPU.Deploy.0 = Debug|x64
		{6BA9BF23-212C-4938-987E-02FA371A3CF6}.Debug|ARM.ActiveCfg = Debug|ARM
		{6BA9BF23-212C-4938-987E-02FA371A3CF6}.Debug|ARM.Build.0 = Debug|ARM
		{6BA9BF23-212C-4938-987E-02FA371A3CF6}.Debug|ARM.Deploy.0 = Debug|ARM
		{6BA9BF23-212C-4938-987E-02FA371A3CF6}.Debug|iPhone.ActiveCfg = Debug|x64
		{6BA9BF23-212C-4938-987E-02FA371A3CF6}.Debug|iPhone.Build.0 = Debug|x64
		{6BA9BF23-212C-4938-987E-02FA371A3CF6}.Debug|iPhone.Deploy.0 = Debug|x64
		{6BA9BF23-212C-4938-987E-02FA371A3CF6}.Debug|iPhoneSimulator.ActiveCfg = Debug|x64
		{6BA9BF23-212C-4938-987E-02FA371A3CF6}.Debug|iPhoneSimulator.Build.0 = Debug|x64
		{6BA9BF23-212C-4938-987E-02FA371A3CF6}.Debug|iPhoneSimulator.Deploy.0 = Debug|x64
		{6BA9BF23-212C-4938-987E-02FA371A3CF6}.Debug|x64.ActiveCfg = Debug|x64
		{6BA9BF23-212C-4938-987E-02FA371A3CF6}.Debug|x64.Build.0 = Debug|x64
		{6BA9BF23-212C-4938-987E-02FA371A3CF6}.Debug|x64.Deploy.0 = Debug|x64
		{6BA9BF23-212C-4938-987E-02FA371A3CF6}.Debug|x86.ActiveCfg = Debug|x86
		{6BA9BF23-212C-4938-987E-02FA371A3CF6}.Debug|x86.Build.0 = Debug|x86
		{6BA9BF23-212C-4938-987E-02FA371A3CF6}.Debug|x86.Deploy.0 = Debug|x86
		{6BA9BF23-212C-4938-987E-02FA371A3CF6}.Release|Any CPU.ActiveCfg = Release|x64
		{6BA9BF23-212C-4938-987E-02FA371A3CF6}.Release|Any CPU.Build.0 = Release|x64
		{6BA9BF23-212C-4938-987E-02FA371A3CF6}.Release|Any CPU.Deploy.0 = Release|x64
		{6BA9BF23-212C-4938-987E-02FA371A3CF6}.Release|ARM.ActiveCfg = Release|ARM
		{6BA9BF23-212C-4938-987E-02FA371A3CF6}.Release|ARM.Build.0 = Release|ARM
		{6BA9BF23-212C-4938-987E-02FA371A3CF6}.Release|ARM.Deploy.0 = Release|ARM
		{6BA9BF23-212C-4938-987E-02FA371A3CF6}.Release|iPhone.ActiveCfg = Release|x64
		{6BA9BF23-212C-4938-987E-02FA371A3CF6}.Release|iPhone.Build.0 = Release|x64
		{6BA9BF23-212C-4938-987E-02FA371A3CF6}.Release|iPhone.Deploy.0 = Release|x64
		{6BA9BF23-212C-4938-987E-02FA371A3CF6}.Release|iPhoneSimulator.ActiveCfg = Release|x64
		{6BA9BF23-212C-4938-987E-02FA371A3CF6}.Release|iPhoneSimulator.Build.0 = Release|x64
		{6BA9BF23-212C-4938-987E-02FA371A3CF6}.Release|iPhoneSimulator.Deploy.0 = Release|x64
		{6BA9BF23-212C-4938-987E-02FA371A3CF6}.Release|x64.ActiveCfg = Release|x64
		{6BA9BF23-212C-4938-987E-02FA371A3CF6}.Release|x64.Build.0 = Release|x64
		{6BA9BF23-212C-4938-987E-02FA371A3CF6}.Release|x64.Deploy.0 = Release|x64
		{6BA9BF23-212C-4938-987E-02FA371A3CF6}.Release|x86.ActiveCfg = Release|x86
		{6BA9BF23-212C-4938-987E-02FA371A3CF6}.Release|x86.Build.0 = Release|x86
		{6BA9BF23-212C-4938-987E-02FA371A3CF6}.Release|x86.Deploy.0 = Release|x86
		{1FB95E74-7F65-4A13-BA7E-2C6A52900116}.Debug|Any CPU.ActiveCfg = Debug|Any CPU
		{1FB95E74-7F65-4A13-BA7E-2C6A52900116}.Debug|Any CPU.Build.0 = Debug|Any CPU
		{1FB95E74-7F65-4A13-BA7E-2C6A52900116}.Debug|ARM.ActiveCfg = Debug|Any CPU
		{1FB95E74-7F65-4A13-BA7E-2C6A52900116}.Debug|ARM.Build.0 = Debug|Any CPU
		{1FB95E74-7F65-4A13-BA7E-2C6A52900116}.Debug|iPhone.ActiveCfg = Debug|Any CPU
		{1FB95E74-7F65-4A13-BA7E-2C6A52900116}.Debug|iPhone.Build.0 = Debug|Any CPU
		{1FB95E74-7F65-4A13-BA7E-2C6A52900116}.Debug|iPhoneSimulator.ActiveCfg = Debug|Any CPU
		{1FB95E74-7F65-4A13-BA7E-2C6A52900116}.Debug|iPhoneSimulator.Build.0 = Debug|Any CPU
		{1FB95E74-7F65-4A13-BA7E-2C6A52900116}.Debug|x64.ActiveCfg = Debug|Any CPU
		{1FB95E74-7F65-4A13-BA7E-2C6A52900116}.Debug|x64.Build.0 = Debug|Any CPU
		{1FB95E74-7F65-4A13-BA7E-2C6A52900116}.Debug|x86.ActiveCfg = Debug|Any CPU
		{1FB95E74-7F65-4A13-BA7E-2C6A52900116}.Debug|x86.Build.0 = Debug|Any CPU
		{1FB95E74-7F65-4A13-BA7E-2C6A52900116}.Release|Any CPU.ActiveCfg = Release|Any CPU
		{1FB95E74-7F65-4A13-BA7E-2C6A52900116}.Release|Any CPU.Build.0 = Release|Any CPU
		{1FB95E74-7F65-4A13-BA7E-2C6A52900116}.Release|ARM.ActiveCfg = Release|Any CPU
		{1FB95E74-7F65-4A13-BA7E-2C6A52900116}.Release|ARM.Build.0 = Release|Any CPU
		{1FB95E74-7F65-4A13-BA7E-2C6A52900116}.Release|iPhone.ActiveCfg = Release|Any CPU
		{1FB95E74-7F65-4A13-BA7E-2C6A52900116}.Release|iPhone.Build.0 = Release|Any CPU
		{1FB95E74-7F65-4A13-BA7E-2C6A52900116}.Release|iPhoneSimulator.ActiveCfg = Release|Any CPU
		{1FB95E74-7F65-4A13-BA7E-2C6A52900116}.Release|iPhoneSimulator.Build.0 = Release|Any CPU
		{1FB95E74-7F65-4A13-BA7E-2C6A52900116}.Release|x64.ActiveCfg = Release|Any CPU
		{1FB95E74-7F65-4A13-BA7E-2C6A52900116}.Release|x64.Build.0 = Release|Any CPU
		{1FB95E74-7F65-4A13-BA7E-2C6A52900116}.Release|x86.ActiveCfg = Release|Any CPU
		{1FB95E74-7F65-4A13-BA7E-2C6A52900116}.Release|x86.Build.0 = Release|Any CPU
	EndGlobalSection
	GlobalSection(SolutionProperties) = preSolution
		HideSolutionNode = FALSE
	EndGlobalSection
	GlobalSection(NestedProjects) = preSolution
		{6BA9BF23-212C-4938-987E-02FA371A3CF6} = {DEA42B4C-FF31-46A9-975F-770DBFE51A82}
		{1FB95E74-7F65-4A13-BA7E-2C6A52900116} = {DEA42B4C-FF31-46A9-975F-770DBFE51A82}
	EndGlobalSection
	GlobalSection(ExtensibilityGlobals) = postSolution
		SolutionGuid = {88E0E9CB-B7F9-4524-9F9F-3C65F6533682}
	EndGlobalSection
EndGlobal
